// !$*UTF8*$!
{
	archiveVersion = 1;
	classes = {
	};
	objectVersion = 46;
	objects = {

/* Begin PBXBuildFile section */
		6082D3CA1F4684A9000CE0DB /* AppDelegate.swift in Sources */ = {isa = PBXBuildFile; fileRef = 6082D3C91F4684A9000CE0DB /* AppDelegate.swift */; };
		6082D3CF1F4684A9000CE0DB /* Main.storyboard in Resources */ = {isa = PBXBuildFile; fileRef = 6082D3CD1F4684A9000CE0DB /* Main.storyboard */; };
		6082D3D11F4684A9000CE0DB /* Assets.xcassets in Resources */ = {isa = PBXBuildFile; fileRef = 6082D3D01F4684A9000CE0DB /* Assets.xcassets */; };
		6082D3D41F4684A9000CE0DB /* LaunchScreen.storyboard in Resources */ = {isa = PBXBuildFile; fileRef = 6082D3D21F4684A9000CE0DB /* LaunchScreen.storyboard */; };
		6082D3DC1F4685DA000CE0DB /* ListViewController.swift in Sources */ = {isa = PBXBuildFile; fileRef = 6082D3DB1F4685DA000CE0DB /* ListViewController.swift */; };
		6082D3E01F468A48000CE0DB /* Products.swift in Sources */ = {isa = PBXBuildFile; fileRef = 6082D3DF1F468A48000CE0DB /* Products.swift */; };
		6082D3E21F468B5E000CE0DB /* ProductsTableViewCell.swift in Sources */ = {isa = PBXBuildFile; fileRef = 6082D3E11F468B5E000CE0DB /* ProductsTableViewCell.swift */; };
		6082D3E41F469648000CE0DB /* DetailedViewController.swift in Sources */ = {isa = PBXBuildFile; fileRef = 6082D3E31F469648000CE0DB /* DetailedViewController.swift */; };
		6082D3E61F46A704000CE0DB /* WikiLinkViewController.swift in Sources */ = {isa = PBXBuildFile; fileRef = 6082D3E51F46A704000CE0DB /* WikiLinkViewController.swift */; };
/* End PBXBuildFile section */

/* Begin PBXFileReference section */
		6082D3C61F4684A9000CE0DB /* Week 2 - Assessment - Ha.app */ = {isa = PBXFileReference; explicitFileType = wrapper.application; includeInIndex = 0; path = "Week 2 - Assessment - Ha.app"; sourceTree = BUILT_PRODUCTS_DIR; };
		6082D3C91F4684A9000CE0DB /* AppDelegate.swift */ = {isa = PBXFileReference; lastKnownFileType = sourcecode.swift; path = AppDelegate.swift; sourceTree = "<group>"; };
		6082D3CE1F4684A9000CE0DB /* Base */ = {isa = PBXFileReference; lastKnownFileType = file.storyboard; name = Base; path = Base.lproj/Main.storyboard; sourceTree = "<group>"; };
		6082D3D01F4684A9000CE0DB /* Assets.xcassets */ = {isa = PBXFileReference; lastKnownFileType = folder.assetcatalog; path = Assets.xcassets; sourceTree = "<group>"; };
		6082D3D31F4684A9000CE0DB /* Base */ = {isa = PBXFileReference; lastKnownFileType = file.storyboard; name = Base; path = Base.lproj/LaunchScreen.storyboard; sourceTree = "<group>"; };
		6082D3D51F4684A9000CE0DB /* Info.plist */ = {isa = PBXFileReference; lastKnownFileType = text.plist.xml; path = Info.plist; sourceTree = "<group>"; };
		6082D3DB1F4685DA000CE0DB /* ListViewController.swift */ = {isa = PBXFileReference; fileEncoding = 4; lastKnownFileType = sourcecode.swift; name = ListViewController.swift; path = ../ListViewController.swift; sourceTree = "<group>"; };
		6082D3DF1F468A48000CE0DB /* Products.swift */ = {isa = PBXFileReference; fileEncoding = 4; lastKnownFileType = sourcecode.swift; path = Products.swift; sourceTree = "<group>"; };
		6082D3E11F468B5E000CE0DB /* ProductsTableViewCell.swift */ = {isa = PBXFileReference; fileEncoding = 4; lastKnownFileType = sourcecode.swift; name = ProductsTableViewCell.swift; path = ../ProductsTableViewCell.swift; sourceTree = "<group>"; };
		6082D3E31F469648000CE0DB /* DetailedViewController.swift */ = {isa = PBXFileReference; fileEncoding = 4; lastKnownFileType = sourcecode.swift; path = DetailedViewController.swift; sourceTree = "<group>"; };
		6082D3E51F46A704000CE0DB /* WikiLinkViewController.swift */ = {isa = PBXFileReference; fileEncoding = 4; lastKnownFileType = sourcecode.swift; path = WikiLinkViewController.swift; sourceTree = "<group>"; };
/* End PBXFileReference section */

/* Begin PBXFrameworksBuildPhase section */
		6082D3C31F4684A9000CE0DB /* Frameworks */ = {
			isa = PBXFrameworksBuildPhase;
			buildActionMask = 2147483647;
			files = (
			);
			runOnlyForDeploymentPostprocessing = 0;
		};
/* End PBXFrameworksBuildPhase section */

/* Begin PBXGroup section */
		6082D3BD1F4684A9000CE0DB = {
			isa = PBXGroup;
			children = (
				6082D3C81F4684A9000CE0DB /* Week 2 - Assessment - Ha */,
				6082D3C71F4684A9000CE0DB /* Products */,
			);
			sourceTree = "<group>";
		};
		6082D3C71F4684A9000CE0DB /* Products */ = {
			isa = PBXGroup;
			children = (
				6082D3C61F4684A9000CE0DB /* Week 2 - Assessment - Ha.app */,
			);
			name = Products;
			sourceTree = "<group>";
		};
		6082D3C81F4684A9000CE0DB /* Week 2 - Assessment - Ha */ = {
			isa = PBXGroup;
			children = (
				6082D3E11F468B5E000CE0DB /* ProductsTableViewCell.swift */,
				6082D3E31F469648000CE0DB /* DetailedViewController.swift */,
				6082D3DB1F4685DA000CE0DB /* ListViewController.swift */,
				6082D3DF1F468A48000CE0DB /* Products.swift */,
				6082D3E51F46A704000CE0DB /* WikiLinkViewController.swift */,
				6082D3C91F4684A9000CE0DB /* AppDelegate.swift */,
				6082D3CD1F4684A9000CE0DB /* Main.storyboard */,
				6082D3D01F4684A9000CE0DB /* Assets.xcassets */,
				6082D3D21F4684A9000CE0DB /* LaunchScreen.storyboard */,
				6082D3D51F4684A9000CE0DB /* Info.plist */,
			);
			path = "Week 2 - Assessment - Ha";
			sourceTree = "<group>";
		};
/* End PBXGroup section */

/* Begin PBXNativeTarget section */
		6082D3C51F4684A9000CE0DB /* Week 2 - Assessment - Ha */ = {
			isa = PBXNativeTarget;
			buildConfigurationList = 6082D3D81F4684A9000CE0DB /* Build configuration list for PBXNativeTarget "Week 2 - Assessment - Ha" */;
			buildPhases = (
				6082D3C21F4684A9000CE0DB /* Sources */,
				6082D3C31F4684A9000CE0DB /* Frameworks */,
				6082D3C41F4684A9000CE0DB /* Resources */,
			);
			buildRules = (
			);
			dependencies = (
			);
			name = "Week 2 - Assessment - Ha";
			productName = "Week 2 - Assessment - Ha";
			productReference = 6082D3C61F4684A9000CE0DB /* Week 2 - Assessment - Ha.app */;
			productType = "com.apple.product-type.application";
		};
/* End PBXNativeTarget section */

/* Begin PBXProject section */
		6082D3BE1F4684A9000CE0DB /* Project object */ = {
			isa = PBXProject;
			attributes = {
				LastSwiftUpdateCheck = 0830;
				LastUpgradeCheck = 0830;
				ORGANIZATIONNAME = "Hoang Thu Ha";
				TargetAttributes = {
					6082D3C51F4684A9000CE0DB = {
						CreatedOnToolsVersion = 8.3.3;
						ProvisioningStyle = Automatic;
					};
				};
			};
			buildConfigurationList = 6082D3C11F4684A9000CE0DB /* Build configuration list for PBXProject "Week 2 - Assessment - Ha" */;
			compatibilityVersion = "Xcode 3.2";
			developmentRegion = English;
			hasScannedForEncodings = 0;
			knownRegions = (
				en,
				Base,
			);
			mainGroup = 6082D3BD1F4684A9000CE0DB;
			productRefGroup = 6082D3C71F4684A9000CE0DB /* Products */;
			projectDirPath = "";
			projectRoot = "";
			targets = (
				6082D3C51F4684A9000CE0DB /* Week 2 - Assessment - Ha */,
			);
		};
/* End PBXProject section */

/* Begin PBXResourcesBuildPhase section */
		6082D3C41F4684A9000CE0DB /* Resources */ = {
			isa = PBXResourcesBuildPhase;
			buildActionMask = 2147483647;
			files = (
				6082D3D41F4684A9000CE0DB /* LaunchScreen.storyboard in Resources */,
				6082D3D11F4684A9000CE0DB /* Assets.xcassets in Resources */,
				6082D3CF1F4684A9000CE0DB /* Main.storyboard in Resources */,
			);
			runOnlyForDeploymentPostprocessing = 0;
		};
/* End PBXResourcesBuildPhase section */

/* Begin PBXSourcesBuildPhase section */
		6082D3C21F4684A9000CE0DB /* Sources */ = {
			isa = PBXSourcesBuildPhase;
			buildActionMask = 2147483647;
			files = (
				6082D3E01F468A48000CE0DB /* Products.swift in Sources */,
				6082D3E21F468B5E000CE0DB /* ProductsTableViewCell.swift in Sources */,
				6082D3E61F46A704000CE0DB /* WikiLinkViewController.swift in Sources */,
				6082D3E41F469648000CE0DB /* DetailedViewController.swift in Sources */,
				6082D3CA1F4684A9000CE0DB /* AppDelegate.swift in Sources */,
				6082D3DC1F4685DA000CE0DB /* ListViewController.swift in Sources */,
			);
			runOnlyForDeploymentPostprocessing = 0;
		};
/* End PBXSourcesBuildPhase section */

/* Begin PBXVariantGroup section */
		6082D3CD1F4684A9000CE0DB /* Main.storyboard */ = {
			isa = PBXVariantGroup;
			children = (
				6082D3CE1F4684A9000CE0DB /* Base */,
			);
			name = Main.storyboard;
			sourceTree = "<group>";
		};
		6082D3D21F4684A9000CE0DB /* LaunchScreen.storyboard */ = {
			isa = PBXVariantGroup;
			children = (
				6082D3D31F4684A9000CE0DB /* Base */,
			);
			name = LaunchScreen.storyboard;
			sourceTree = "<group>";
		};
/* End PBXVariantGroup section */

/* Begin XCBuildConfiguration section */
		6082D3D61F4684A9000CE0DB /* Debug */ = {
			isa = XCBuildConfiguration;
			buildSettings = {
				ALWAYS_SEARCH_USER_PATHS = NO;
				CLANG_ANALYZER_NONNULL = YES;
				CLANG_ANALYZER_NUMBER_OBJECT_CONVERSION = YES_AGGRESSIVE;
				CLANG_CXX_LANGUAGE_STANDARD = "gnu++0x";
				CLANG_CXX_LIBRARY = "libc++";
				CLANG_ENABLE_MODULES = YES;
				CLANG_ENABLE_OBJC_ARC = YES;
				CLANG_WARN_BOOL_CONVERSION = YES;
				CLANG_WARN_CONSTANT_CONVERSION = YES;
				CLANG_WARN_DIRECT_OBJC_ISA_USAGE = YES_ERROR;
				CLANG_WARN_DOCUMENTATION_COMMENTS = YES;
				CLANG_WARN_EMPTY_BODY = YES;
				CLANG_WARN_ENUM_CONVERSION = YES;
				CLANG_WARN_INFINITE_RECURSION = YES;
				CLANG_WARN_INT_CONVERSION = YES;
				CLANG_WARN_OBJC_ROOT_CLASS = YES_ERROR;
				CLANG_WARN_SUSPICIOUS_MOVE = YES;
				CLANG_WARN_UNREACHABLE_CODE = YES;
				CLANG_WARN__DUPLICATE_METHOD_MATCH = YES;
				"CODE_SIGN_IDENTITY[sdk=iphoneos*]" = "iPhone Developer";
				COPY_PHASE_STRIP = NO;
				DEBUG_INFORMATION_FORMAT = dwarf;
				ENABLE_STRICT_OBJC_MSGSEND = YES;
				ENABLE_TESTABILITY = YES;
				GCC_C_LANGUAGE_STANDARD = gnu99;
				GCC_DYNAMIC_NO_PIC = NO;
				GCC_NO_COMMON_BLOCKS = YES;
				GCC_OPTIMIZATION_LEVEL = 0;
				GCC_PREPROCESSOR_DEFINITIONS = (
					"DEBUG=1",
					"$(inherited)",
				);
				GCC_WARN_64_TO_32_BIT_CONVERSION = YES;
				GCC_WARN_ABOUT_RETURN_TYPE = YES_ERROR;
				GCC_WARN_UNDECLARED_SELECTOR = YES;
				GCC_WARN_UNINITIALIZED_AUTOS = YES_AGGRESSIVE;
				GCC_WARN_UNUSED_FUNCTION = YES;
				GCC_WARN_UNUSED_VARIABLE = YES;
				IPHONEOS_DEPLOYMENT_TARGET = 10.3;
				MTL_ENABLE_DEBUG_INFO = YES;
				ONLY_ACTIVE_ARCH = YES;
				SDKROOT = iphoneos;
				SWIFT_ACTIVE_COMPILATION_CONDITIONS = DEBUG;
				SWIFT_OPTIMIZATION_LEVEL = "-Onone";
				TARGETED_DEVICE_FAMILY = "1,2";
			};
			name = Debug;
		};
		6082D3D71F4684A9000CE0DB /* Release */ = {
			isa = XCBuildConfiguration;
			buildSettings = {
				ALWAYS_SEARCH_USER_PATHS = NO;
				CLANG_ANALYZER_NONNULL = YES;
				CLANG_ANALYZER_NUMBER_OBJECT_CONVERSION = YES_AGGRESSIVE;
				CLANG_CXX_LANGUAGE_STANDARD = "gnu++0x";
				CLANG_CXX_LIBRARY = "libc++";
				CLANG_ENABLE_MODULES = YES;
				CLANG_ENABLE_OBJC_ARC = YES;
				CLANG_WARN_BOOL_CONVERSION = YES;
				CLANG_WARN_CONSTANT_CONVERSION = YES;
				CLANG_WARN_DIRECT_OBJC_ISA_USAGE = YES_ERROR;
				CLANG_WARN_DOCUMENTATION_COMMENTS = YES;
				CLANG_WARN_EMPTY_BODY = YES;
				CLANG_WARN_ENUM_CONVERSION = YES;
				CLANG_WARN_INFINITE_RECURSION = YES;
				CLANG_WARN_INT_CONVERSION = YES;
				CLANG_WARN_OBJC_ROOT_CLASS = YES_ERROR;
				CLANG_WARN_SUSPICIOUS_MOVE = YES;
				CLANG_WARN_UNREACHABLE_CODE = YES;
				CLANG_WARN__DUPLICATE_METHOD_MATCH = YES;
				"CODE_SIGN_IDENTITY[sdk=iphoneos*]" = "iPhone Developer";
				COPY_PHASE_STRIP = NO;
				DEBUG_INFORMATION_FORMAT = "dwarf-with-dsym";
				ENABLE_NS_ASSERTIONS = NO;
				ENABLE_STRICT_OBJC_MSGSEND = YES;
				GCC_C_LANGUAGE_STANDARD = gnu99;
				GCC_NO_COMMON_BLOCKS = YES;
				GCC_WARN_64_TO_32_BIT_CONVERSION = YES;
				GCC_WARN_ABOUT_RETURN_TYPE = YES_ERROR;
				GCC_WARN_UNDECLARED_SELECTOR = YES;
				GCC_WARN_UNINITIALIZED_AUTOS = YES_AGGRESSIVE;
				GCC_WARN_UNUSED_FUNCTION = YES;
				GCC_WARN_UNUSED_VARIABLE = YES;
				IPHONEOS_DEPLOYMENT_TARGET = 10.3;
				MTL_ENABLE_DEBUG_INFO = NO;
				SDKROOT = iphoneos;
				SWIFT_OPTIMIZATION_LEVEL = "-Owholemodule";
				TARGETED_DEVICE_FAMILY = "1,2";
				VALIDATE_PRODUCT = YES;
			};
			name = Release;
		};
		6082D3D91F4684A9000CE0DB /* Debug */ = {
			isa = XCBuildConfiguration;
			buildSettings = {
				ASSETCATALOG_COMPILER_APPICON_NAME = AppIcon;
				INFOPLIST_FILE = "Week 2 - Assessment - Ha/Info.plist";
				LD_RUNPATH_SEARCH_PATHS = "$(inherited) @executable_path/Frameworks";
				PRODUCT_BUNDLE_IDENTIFIER = "abc.Week-2---Assessment---Ha";
				PRODUCT_NAME = "$(TARGET_NAME)";
				SWIFT_VERSION = 3.0;
			};
			name = Debug;
		};
		6082D3DA1F4684A9000CE0DB /* Release */ = {
			isa = XCBuildConfiguration;
			buildSettings = {
				ASSETCATALOG_COMPILER_APPICON_NAME = AppIcon;
				INFOPLIST_FILE = "Week 2 - Assessment - Ha/Info.plist";
				LD_RUNPATH_SEARCH_PATHS = "$(inherited) @executable_path/Frameworks";
				PRODUCT_BUNDLE_IDENTIFIER = "abc.Week-2---Assessment---Ha";
				PRODUCT_NAME = "$(TARGET_NAME)";
				SWIFT_VERSION = 3.0;
			};
			name = Release;
		};
/* End XCBuildConfiguration section */

/* Begin XCConfigurationList section */
		6082D3C11F4684A9000CE0DB /* Build configuration list for PBXProject "Week 2 - Assessment - Ha" */ = {
			isa = XCConfigurationList;
			buildConfigurations = (
				6082D3D61F4684A9000CE0DB /* Debug */,
				6082D3D71F4684A9000CE0DB /* Release */,
			);
			defaultConfigurationIsVisible = 0;
			defaultConfigurationName = Release;
		};
		6082D3D81F4684A9000CE0DB /* Build configuration list for PBXNativeTarget "Week 2 - Assessment - Ha" */ = {
			isa = XCConfigurationList;
			buildConfigurations = (
				6082D3D91F4684A9000CE0DB /* Debug */,
				6082D3DA1F4684A9000CE0DB /* Release */,
			);
			defaultConfigurationIsVisible = 0;
			defaultConfigurationName = Release;
		};
/* End XCConfigurationList section */
	};
	rootObject = 6082D3BE1F4684A9000CE0DB /* Project object */;
}
